
Microsoft Visual Studio Solution File, Format Version 12.00
# Visual Studio Version 17
VisualStudioVersion = 17.6.33723.286
MinimumVisualStudioVersion = 10.0.40219.1
Project("{9A19103F-16F7-4668-BE54-9A1E7A4F7556}") = "ContosoUniversity.Server", "ContosoUniversity\Server\ContosoUniversity.Server.csproj", "{2DF79D55-D7A7-4726-A7FB-826CB83AA52C}"
EndProject
Project("{9A19103F-16F7-4668-BE54-9A1E7A4F7556}") = "ContosoUniversity.Client", "ContosoUniversity\Client\ContosoUniversity.Client.csproj", "{EE4FF02C-E4CC-4C40-A141-96C0D2BA0F18}"
EndProject
Project("{9A19103F-16F7-4668-BE54-9A1E7A4F7556}") = "ContosoUniversity.Shared", "ContosoUniversity\Shared\ContosoUniversity.Shared.csproj", "{04C1F224-6A59-4F2C-9296-C4F4E4034252}"
EndProject
Global
	GlobalSection(SolutionConfigurationPlatforms) = preSolution
		Debug|Any CPU = Debug|Any CPU
		Release|Any CPU = Release|Any CPU
	EndGlobalSection
	GlobalSection(ProjectConfigurationPlatforms) = postSolution
		{2DF79D55-D7A7-4726-A7FB-826CB83AA52C}.Debug|Any CPU.ActiveCfg = Debug|Any CPU
		{2DF79D55-D7A7-4726-A7FB-826CB83AA52C}.Debug|Any CPU.Build.0 = Debug|Any CPU
		{2DF79D55-D7A7-4726-A7FB-826CB83AA52C}.Release|Any CPU.ActiveCfg = Release|Any CPU
		{2DF79D55-D7A7-4726-A7FB-826CB83AA52C}.Release|Any CPU.Build.0 = Release|Any CPU
		{EE4FF02C-E4CC-4C40-A141-96C0D2BA0F18}.Debug|Any CPU.ActiveCfg = Debug|Any CPU
		{EE4FF02C-E4CC-4C40-A141-96C0D2BA0F18}.Debug|Any CPU.Build.0 = Debug|Any CPU
		{EE4FF02C-E4CC-4C40-A141-96C0D2BA0F18}.Release|Any CPU.ActiveCfg = Release|Any CPU
		{EE4FF02C-E4CC-4C40-A141-96C0D2BA0F18}.Release|Any CPU.Build.0 = Release|Any CPU
		{04C1F224-6A59-4F2C-9296-C4F4E4034252}.Debug|Any CPU.ActiveCfg = Debug|Any CPU
		{04C1F224-6A59-4F2C-9296-C4F4E4034252}.Debug|Any CPU.Build.0 = Debug|Any CPU
		{04C1F224-6A59-4F2C-9296-C4F4E4034252}.Release|Any CPU.ActiveCfg = Release|Any CPU
		{04C1F224-6A59-4F2C-9296-C4F4E4034252}.Release|Any CPU.Build.0 = Release|Any CPU
	EndGlobalSection
	GlobalSection(SolutionProperties) = preSolution
		HideSolutionNode = FALSE
	EndGlobalSection
	GlobalSection(ExtensibilityGlobals) = postSolution
		SolutionGuid = {88F31006-2D4E-4FD9-9CA3-B7C6D1F6CA0D}
	EndGlobalSection
EndGlobal
